// !$*UTF8*$!
{
	archiveVersion = 1;
	classes = {
	};
	objectVersion = 50;
	objects = {

/* Begin PBXBuildFile section */
		719D0DE7263D694A00FF321E /* AppDelegate.swift in Sources */ = {isa = PBXBuildFile; fileRef = 719D0DE6263D694A00FF321E /* AppDelegate.swift */; };
		719D0DE9263D694A00FF321E /* SceneDelegate.swift in Sources */ = {isa = PBXBuildFile; fileRef = 719D0DE8263D694A00FF321E /* SceneDelegate.swift */; };
		719D0DEB263D694A00FF321E /* ViewController.swift in Sources */ = {isa = PBXBuildFile; fileRef = 719D0DEA263D694A00FF321E /* ViewController.swift */; };
		719D0DEE263D694A00FF321E /* Main.storyboard in Resources */ = {isa = PBXBuildFile; fileRef = 719D0DEC263D694A00FF321E /* Main.storyboard */; };
		719D0DF0263D694D00FF321E /* Assets.xcassets in Resources */ = {isa = PBXBuildFile; fileRef = 719D0DEF263D694D00FF321E /* Assets.xcassets */; };
		719D0DF3263D694D00FF321E /* LaunchScreen.storyboard in Resources */ = {isa = PBXBuildFile; fileRef = 719D0DF1263D694D00FF321E /* LaunchScreen.storyboard */; };
		719D0DFD263D69C600FF321E /* Movie.swift in Sources */ = {isa = PBXBuildFile; fileRef = 719D0DFC263D69C600FF321E /* Movie.swift */; };
		719D0E01263D6A0300FF321E /* MovieManager.swift in Sources */ = {isa = PBXBuildFile; fileRef = 719D0E00263D6A0300FF321E /* MovieManager.swift */; };
		719D0E07263D775600FF321E /* MovieCell.swift in Sources */ = {isa = PBXBuildFile; fileRef = 719D0E06263D775600FF321E /* MovieCell.swift */; };
		719D0E0C263D77CD00FF321E /* UIImageViewExtension.swift in Sources */ = {isa = PBXBuildFile; fileRef = 719D0E0B263D77CD00FF321E /* UIImageViewExtension.swift */; };
		719D0E10263D7BE700FF321E /* HighLightCell.swift in Sources */ = {isa = PBXBuildFile; fileRef = 719D0E0F263D7BE700FF321E /* HighLightCell.swift */; };
		719D0E13263D7C7B00FF321E /* PreviewCell.swift in Sources */ = {isa = PBXBuildFile; fileRef = 719D0E12263D7C7B00FF321E /* PreviewCell.swift */; };
		719D0E16263D7DE900FF321E /* RecommendationCell.swift in Sources */ = {isa = PBXBuildFile; fileRef = 719D0E15263D7DE900FF321E /* RecommendationCell.swift */; };
/* End PBXBuildFile section */

/* Begin PBXFileReference section */
		719D0DE3263D694A00FF321E /* MovieApp.app */ = {isa = PBXFileReference; explicitFileType = wrapper.application; includeInIndex = 0; path = MovieApp.app; sourceTree = BUILT_PRODUCTS_DIR; };
		719D0DE6263D694A00FF321E /* AppDelegate.swift */ = {isa = PBXFileReference; lastKnownFileType = sourcecode.swift; path = AppDelegate.swift; sourceTree = "<group>"; };
		719D0DE8263D694A00FF321E /* SceneDelegate.swift */ = {isa = PBXFileReference; lastKnownFileType = sourcecode.swift; path = SceneDelegate.swift; sourceTree = "<group>"; };
		719D0DEA263D694A00FF321E /* ViewController.swift */ = {isa = PBXFileReference; lastKnownFileType = sourcecode.swift; path = ViewController.swift; sourceTree = "<group>"; };
		719D0DED263D694A00FF321E /* Base */ = {isa = PBXFileReference; lastKnownFileType = file.storyboard; name = Base; path = Base.lproj/Main.storyboard; sourceTree = "<group>"; };
		719D0DEF263D694D00FF321E /* Assets.xcassets */ = {isa = PBXFileReference; lastKnownFileType = folder.assetcatalog; path = Assets.xcassets; sourceTree = "<group>"; };
		719D0DF2263D694D00FF321E /* Base */ = {isa = PBXFileReference; lastKnownFileType = file.storyboard; name = Base; path = Base.lproj/LaunchScreen.storyboard; sourceTree = "<group>"; };
		719D0DF4263D694D00FF321E /* Info.plist */ = {isa = PBXFileReference; lastKnownFileType = text.plist.xml; path = Info.plist; sourceTree = "<group>"; };
		719D0DFC263D69C600FF321E /* Movie.swift */ = {isa = PBXFileReference; lastKnownFileType = sourcecode.swift; path = Movie.swift; sourceTree = "<group>"; };
		719D0E00263D6A0300FF321E /* MovieManager.swift */ = {isa = PBXFileReference; lastKnownFileType = sourcecode.swift; path = MovieManager.swift; sourceTree = "<group>"; };
		719D0E06263D775600FF321E /* MovieCell.swift */ = {isa = PBXFileReference; lastKnownFileType = sourcecode.swift; path = MovieCell.swift; sourceTree = "<group>"; };
		719D0E0B263D77CD00FF321E /* UIImageViewExtension.swift */ = {isa = PBXFileReference; lastKnownFileType = sourcecode.swift; path = UIImageViewExtension.swift; sourceTree = "<group>"; };
		719D0E0F263D7BE700FF321E /* HighLightCell.swift */ = {isa = PBXFileReference; lastKnownFileType = sourcecode.swift; path = HighLightCell.swift; sourceTree = "<group>"; };
		719D0E12263D7C7B00FF321E /* PreviewCell.swift */ = {isa = PBXFileReference; lastKnownFileType = sourcecode.swift; path = PreviewCell.swift; sourceTree = "<group>"; };
		719D0E15263D7DE900FF321E /* RecommendationCell.swift */ = {isa = PBXFileReference; lastKnownFileType = sourcecode.swift; path = RecommendationCell.swift; sourceTree = "<group>"; };
/* End PBXFileReference section */

/* Begin PBXFrameworksBuildPhase section */
		719D0DE0263D694A00FF321E /* Frameworks */ = {
			isa = PBXFrameworksBuildPhase;
			buildActionMask = 2147483647;
			files = (
			);
			runOnlyForDeploymentPostprocessing = 0;
		};
/* End PBXFrameworksBuildPhase section */

/* Begin PBXGroup section */
		719D0DDA263D694A00FF321E = {
			isa = PBXGroup;
			children = (
				719D0DE5263D694A00FF321E /* MovieApp */,
				719D0DE4263D694A00FF321E /* Products */,
			);
			sourceTree = "<group>";
		};
		719D0DE4263D694A00FF321E /* Products */ = {
			isa = PBXGroup;
			children = (
				719D0DE3263D694A00FF321E /* MovieApp.app */,
			);
			name = Products;
			sourceTree = "<group>";
		};
		719D0DE5263D694A00FF321E /* MovieApp */ = {
			isa = PBXGroup;
			children = (
				719D0E0A263D77A500FF321E /* Extensions */,
				719D0E05263D773600FF321E /* Cell */,
				719D0E03263D6A0A00FF321E /* DataManager */,
				719D0DFB263D69B500FF321E /* Model */,
				719D0DE6263D694A00FF321E /* AppDelegate.swift */,
				719D0DE8263D694A00FF321E /* SceneDelegate.swift */,
				719D0DEA263D694A00FF321E /* ViewController.swift */,
				719D0DEC263D694A00FF321E /* Main.storyboard */,
				719D0DEF263D694D00FF321E /* Assets.xcassets */,
				719D0DF1263D694D00FF321E /* LaunchScreen.storyboard */,
				719D0DF4263D694D00FF321E /* Info.plist */,
			);
			path = MovieApp;
			sourceTree = "<group>";
		};
		719D0DFB263D69B500FF321E /* Model */ = {
			isa = PBXGroup;
			children = (
				719D0DFC263D69C600FF321E /* Movie.swift */,
			);
			path = Model;
			sourceTree = "<group>";
		};
		719D0E03263D6A0A00FF321E /* DataManager */ = {
			isa = PBXGroup;
			children = (
				719D0E00263D6A0300FF321E /* MovieManager.swift */,
			);
			path = DataManager;
			sourceTree = "<group>";
		};
		719D0E05263D773600FF321E /* Cell */ = {
			isa = PBXGroup;
			children = (
				719D0E06263D775600FF321E /* MovieCell.swift */,
				719D0E0F263D7BE700FF321E /* HighLightCell.swift */,
				719D0E12263D7C7B00FF321E /* PreviewCell.swift */,
				719D0E15263D7DE900FF321E /* RecommendationCell.swift */,
			);
			path = Cell;
			sourceTree = "<group>";
		};
		719D0E0A263D77A500FF321E /* Extensions */ = {
			isa = PBXGroup;
			children = (
				719D0E0B263D77CD00FF321E /* UIImageViewExtension.swift */,
			);
			path = Extensions;
			sourceTree = "<group>";
		};
/* End PBXGroup section */

/* Begin PBXNativeTarget section */
		719D0DE2263D694A00FF321E /* MovieApp */ = {
			isa = PBXNativeTarget;
			buildConfigurationList = 719D0DF7263D694D00FF321E /* Build configuration list for PBXNativeTarget "MovieApp" */;
			buildPhases = (
				719D0DDF263D694A00FF321E /* Sources */,
				719D0DE0263D694A00FF321E /* Frameworks */,
				719D0DE1263D694A00FF321E /* Resources */,
			);
			buildRules = (
			);
			dependencies = (
			);
			name = MovieApp;
			productName = MovieApp;
			productReference = 719D0DE3263D694A00FF321E /* MovieApp.app */;
			productType = "com.apple.product-type.application";
		};
/* End PBXNativeTarget section */

/* Begin PBXProject section */
		719D0DDB263D694A00FF321E /* Project object */ = {
			isa = PBXProject;
			attributes = {
				LastSwiftUpdateCheck = 1240;
				LastUpgradeCheck = 1240;
				TargetAttributes = {
					719D0DE2263D694A00FF321E = {
						CreatedOnToolsVersion = 12.4;
					};
				};
			};
			buildConfigurationList = 719D0DDE263D694A00FF321E /* Build configuration list for PBXProject "MovieApp" */;
			compatibilityVersion = "Xcode 9.3";
			developmentRegion = en;
			hasScannedForEncodings = 0;
			knownRegions = (
				en,
				Base,
			);
			mainGroup = 719D0DDA263D694A00FF321E;
			productRefGroup = 719D0DE4263D694A00FF321E /* Products */;
			projectDirPath = "";
			projectRoot = "";
			targets = (
				719D0DE2263D694A00FF321E /* MovieApp */,
			);
		};
/* End PBXProject section */

/* Begin PBXResourcesBuildPhase section */
		719D0DE1263D694A00FF321E /* Resources */ = {
			isa = PBXResourcesBuildPhase;
			buildActionMask = 2147483647;
			files = (
				719D0DF3263D694D00FF321E /* LaunchScreen.storyboard in Resources */,
				719D0DF0263D694D00FF321E /* Assets.xcassets in Resources */,
				719D0DEE263D694A00FF321E /* Main.storyboard in Resources */,
			);
			runOnlyForDeploymentPostprocessing = 0;
		};
/* End PBXResourcesBuildPhase section */

/* Begin PBXSourcesBuildPhase section */
		719D0DDF263D694A00FF321E /* Sources */ = {
			isa = PBXSourcesBuildPhase;
			buildActionMask = 2147483647;
			files = (
				719D0E13263D7C7B00FF321E /* PreviewCell.swift in Sources */,
				719D0DEB263D694A00FF321E /* ViewController.swift in Sources */,
				719D0E0C263D77CD00FF321E /* UIImageViewExtension.swift in Sources */,
				719D0DE7263D694A00FF321E /* AppDelegate.swift in Sources */,
				719D0E07263D775600FF321E /* MovieCell.swift in Sources */,
				719D0E01263D6A0300FF321E /* MovieManager.swift in Sources */,
				719D0DFD263D69C600FF321E /* Movie.swift in Sources */,
				719D0E10263D7BE700FF321E /* HighLightCell.swift in Sources */,
				719D0E16263D7DE900FF321E /* RecommendationCell.swift in Sources */,
				719D0DE9263D694A00FF321E /* SceneDelegate.swift in Sources */,
			);
			runOnlyForDeploymentPostprocessing = 0;
		};
/* End PBXSourcesBuildPhase section */

/* Begin PBXVariantGroup section */
		719D0DEC263D694A00FF321E /* Main.storyboard */ = {
			isa = PBXVariantGroup;
			children = (
				719D0DED263D694A00FF321E /* Base */,
			);
			name = Main.storyboard;
			sourceTree = "<group>";
		};
		719D0DF1263D694D00FF321E /* LaunchScreen.storyboard */ = {
			isa = PBXVariantGroup;
			children = (
				719D0DF2263D694D00FF321E /* Base */,
			);
			name = LaunchScreen.storyboard;
			sourceTree = "<group>";
		};
/* End PBXVariantGroup section */

/* Begin XCBuildConfiguration section */
		719D0DF5263D694D00FF321E /* Debug */ = {
			isa = XCBuildConfiguration;
			buildSettings = {
				ALWAYS_SEARCH_USER_PATHS = NO;
				CLANG_ANALYZER_NONNULL = YES;
				CLANG_ANALYZER_NUMBER_OBJECT_CONVERSION = YES_AGGRESSIVE;
				CLANG_CXX_LANGUAGE_STANDARD = "gnu++14";
				CLANG_CXX_LIBRARY = "libc++";
				CLANG_ENABLE_MODULES = YES;
				CLANG_ENABLE_OBJC_ARC = YES;
				CLANG_ENABLE_OBJC_WEAK = YES;
				CLANG_WARN_BLOCK_CAPTURE_AUTORELEASING = YES;
				CLANG_WARN_BOOL_CONVERSION = YES;
				CLANG_WARN_COMMA = YES;
				CLANG_WARN_CONSTANT_CONVERSION = YES;
				CLANG_WARN_DEPRECATED_OBJC_IMPLEMENTATIONS = YES;
				CLANG_WARN_DIRECT_OBJC_ISA_USAGE = YES_ERROR;
				CLANG_WARN_DOCUMENTATION_COMMENTS = YES;
				CLANG_WARN_EMPTY_BODY = YES;
				CLANG_WARN_ENUM_CONVERSION = YES;
				CLANG_WARN_INFINITE_RECURSION = YES;
				CLANG_WARN_INT_CONVERSION = YES;
				CLANG_WARN_NON_LITERAL_NULL_CONVERSION = YES;
				CLANG_WARN_OBJC_IMPLICIT_RETAIN_SELF = YES;
				CLANG_WARN_OBJC_LITERAL_CONVERSION = YES;
				CLANG_WARN_OBJC_ROOT_CLASS = YES_ERROR;
				CLANG_WARN_QUOTED_INCLUDE_IN_FRAMEWORK_HEADER = YES;
				CLANG_WARN_RANGE_LOOP_ANALYSIS = YES;
				CLANG_WARN_STRICT_PROTOTYPES = YES;
				CLANG_WARN_SUSPICIOUS_MOVE = YES;
				CLANG_WARN_UNGUARDED_AVAILABILITY = YES_AGGRESSIVE;
				CLANG_WARN_UNREACHABLE_CODE = YES;
				CLANG_WARN__DUPLICATE_METHOD_MATCH = YES;
				COPY_PHASE_STRIP = NO;
				DEBUG_INFORMATION_FORMAT = dwarf;
				ENABLE_STRICT_OBJC_MSGSEND = YES;
				ENABLE_TESTABILITY = YES;
				GCC_C_LANGUAGE_STANDARD = gnu11;
				GCC_DYNAMIC_NO_PIC = NO;
				GCC_NO_COMMON_BLOCKS = YES;
				GCC_OPTIMIZATION_LEVEL = 0;
				GCC_PREPROCESSOR_DEFINITIONS = (
					"DEBUG=1",
					"$(inherited)",
				);
				GCC_WARN_64_TO_32_BIT_CONVERSION = YES;
				GCC_WARN_ABOUT_RETURN_TYPE = YES_ERROR;
				GCC_WARN_UNDECLARED_SELECTOR = YES;
				GCC_WARN_UNINITIALIZED_AUTOS = YES_AGGRESSIVE;
				GCC_WARN_UNUSED_FUNCTION = YES;
				GCC_WARN_UNUSED_VARIABLE = YES;
				IPHONEOS_DEPLOYMENT_TARGET = 14.4;
				MTL_ENABLE_DEBUG_INFO = INCLUDE_SOURCE;
				MTL_FAST_MATH = YES;
				ONLY_ACTIVE_ARCH = YES;
				SDKROOT = iphoneos;
				SWIFT_ACTIVE_COMPILATION_CONDITIONS = DEBUG;
				SWIFT_OPTIMIZATION_LEVEL = "-Onone";
			};
			name = Debug;
		};
		719D0DF6263D694D00FF321E /* Release */ = {
			isa = XCBuildConfiguration;
			buildSettings = {
				ALWAYS_SEARCH_USER_PATHS = NO;
				CLANG_ANALYZER_NONNULL = YES;
				CLANG_ANALYZER_NUMBER_OBJECT_CONVERSION = YES_AGGRESSIVE;
				CLANG_CXX_LANGUAGE_STANDARD = "gnu++14";
				CLANG_CXX_LIBRARY = "libc++";
				CLANG_ENABLE_MODULES = YES;
				CLANG_ENABLE_OBJC_ARC = YES;
				CLANG_ENABLE_OBJC_WEAK = YES;
				CLANG_WARN_BLOCK_CAPTURE_AUTORELEASING = YES;
				CLANG_WARN_BOOL_CONVERSION = YES;
				CLANG_WARN_COMMA = YES;
				CLANG_WARN_CONSTANT_CONVERSION = YES;
				CLANG_WARN_DEPRECATED_OBJC_IMPLEMENTATIONS = YES;
				CLANG_WARN_DIRECT_OBJC_ISA_USAGE = YES_ERROR;
				CLANG_WARN_DOCUMENTATION_COMMENTS = YES;
				CLANG_WARN_EMPTY_BODY = YES;
				CLANG_WARN_ENUM_CONVERSION = YES;
				CLANG_WARN_INFINITE_RECURSION = YES;
				CLANG_WARN_INT_CONVERSION = YES;
				CLANG_WARN_NON_LITERAL_NULL_CONVERSION = YES;
				CLANG_WARN_OBJC_IMPLICIT_RETAIN_SELF = YES;
				CLANG_WARN_OBJC_LITERAL_CONVERSION = YES;
				CLANG_WARN_OBJC_ROOT_CLASS = YES_ERROR;
				CLANG_WARN_QUOTED_INCLUDE_IN_FRAMEWORK_HEADER = YES;
				CLANG_WARN_RANGE_LOOP_ANALYSIS = YES;
				CLANG_WARN_STRICT_PROTOTYPES = YES;
				CLANG_WARN_SUSPICIOUS_MOVE = YES;
				CLANG_WARN_UNGUARDED_AVAILABILITY = YES_AGGRESSIVE;
				CLANG_WARN_UNREACHABLE_CODE = YES;
				CLANG_WARN__DUPLICATE_METHOD_MATCH = YES;
				COPY_PHASE_STRIP = NO;
				DEBUG_INFORMATION_FORMAT = "dwarf-with-dsym";
				ENABLE_NS_ASSERTIONS = NO;
				ENABLE_STRICT_OBJC_MSGSEND = YES;
				GCC_C_LANGUAGE_STANDARD = gnu11;
				GCC_NO_COMMON_BLOCKS = YES;
				GCC_WARN_64_TO_32_BIT_CONVERSION = YES;
				GCC_WARN_ABOUT_RETURN_TYPE = YES_ERROR;
				GCC_WARN_UNDECLARED_SELECTOR = YES;
				GCC_WARN_UNINITIALIZED_AUTOS = YES_AGGRESSIVE;
				GCC_WARN_UNUSED_FUNCTION = YES;
				GCC_WARN_UNUSED_VARIABLE = YES;
				IPHONEOS_DEPLOYMENT_TARGET = 14.4;
				MTL_ENABLE_DEBUG_INFO = NO;
				MTL_FAST_MATH = YES;
				SDKROOT = iphoneos;
				SWIFT_COMPILATION_MODE = wholemodule;
				SWIFT_OPTIMIZATION_LEVEL = "-O";
				VALIDATE_PRODUCT = YES;
			};
			name = Release;
		};
		719D0DF8263D694D00FF321E /* Debug */ = {
			isa = XCBuildConfiguration;
			buildSettings = {
				ASSETCATALOG_COMPILER_APPICON_NAME = AppIcon;
				ASSETCATALOG_COMPILER_GLOBAL_ACCENT_COLOR_NAME = AccentColor;
				CODE_SIGN_STYLE = Automatic;
				DEVELOPMENT_TEAM = M2ZVLTD873;
				INFOPLIST_FILE = MovieApp/Info.plist;
				LD_RUNPATH_SEARCH_PATHS = (
					"$(inherited)",
					"@executable_path/Frameworks",
				);
				PRODUCT_BUNDLE_IDENTIFIER = com.kerimcaglar.MovieApp;
				PRODUCT_NAME = "$(TARGET_NAME)";
				SWIFT_VERSION = 5.0;
				TARGETED_DEVICE_FAMILY = "1,2";
			};
			name = Debug;
		};
		719D0DF9263D694D00FF321E /* Release */ = {
			isa = XCBuildConfiguration;
			buildSettings = {
				ASSETCATALOG_COMPILER_APPICON_NAME = AppIcon;
				ASSETCATALOG_COMPILER_GLOBAL_ACCENT_COLOR_NAME = AccentColor;
				CODE_SIGN_STYLE = Automatic;
				DEVELOPMENT_TEAM = M2ZVLTD873;
				INFOPLIST_FILE = MovieApp/Info.plist;
				LD_RUNPATH_SEARCH_PATHS = (
					"$(inherited)",
					"@executable_path/Frameworks",
				);
				PRODUCT_BUNDLE_IDENTIFIER = com.kerimcaglar.MovieApp;
				PRODUCT_NAME = "$(TARGET_NAME)";
				SWIFT_VERSION = 5.0;
				TARGETED_DEVICE_FAMILY = "1,2";
			};
			name = Release;
		};
/* End XCBuildConfiguration section */

/* Begin XCConfigurationList section */
		719D0DDE263D694A00FF321E /* Build configuration list for PBXProject "MovieApp" */ = {
			isa = XCConfigurationList;
			buildConfigurations = (
				719D0DF5263D694D00FF321E /* Debug */,
				719D0DF6263D694D00FF321E /* Release */,
			);
			defaultConfigurationIsVisible = 0;
			defaultConfigurationName = Release;
		};
		719D0DF7263D694D00FF321E /* Build configuration list for PBXNativeTarget "MovieApp" */ = {
			isa = XCConfigurationList;
			buildConfigurations = (
				719D0DF8263D694D00FF321E /* Debug */,
				719D0DF9263D694D00FF321E /* Release */,
			);
			defaultConfigurationIsVisible = 0;
			defaultConfigurationName = Release;
		};
/* End XCConfigurationList section */
	};
	rootObject = 719D0DDB263D694A00FF321E /* Project object */;
}
