// !$*UTF8*$!
{
	archiveVersion = 1;
	classes = {
	};
	objectVersion = 50;
	objects = {

/* Begin PBXBuildFile section */
		719D0CEC2635520700FF321E /* AppDelegate.swift in Sources */ = {isa = PBXBuildFile; fileRef = 719D0CEB2635520700FF321E /* AppDelegate.swift */; };
		719D0CEE2635520700FF321E /* SceneDelegate.swift in Sources */ = {isa = PBXBuildFile; fileRef = 719D0CED2635520700FF321E /* SceneDelegate.swift */; };
		719D0CF02635520700FF321E /* ViewController.swift in Sources */ = {isa = PBXBuildFile; fileRef = 719D0CEF2635520700FF321E /* ViewController.swift */; };
		719D0CF32635520700FF321E /* Main.storyboard in Resources */ = {isa = PBXBuildFile; fileRef = 719D0CF12635520700FF321E /* Main.storyboard */; };
		719D0CF52635520900FF321E /* Assets.xcassets in Resources */ = {isa = PBXBuildFile; fileRef = 719D0CF42635520900FF321E /* Assets.xcassets */; };
		719D0CF82635520900FF321E /* LaunchScreen.storyboard in Resources */ = {isa = PBXBuildFile; fileRef = 719D0CF62635520900FF321E /* LaunchScreen.storyboard */; };
		719D0D0126357E7A00FF321E /* CitiesViewController.swift in Sources */ = {isa = PBXBuildFile; fileRef = 719D0D0026357E7A00FF321E /* CitiesViewController.swift */; };
		719D0D062635846E00FF321E /* CityModel.swift in Sources */ = {isa = PBXBuildFile; fileRef = 719D0D052635846E00FF321E /* CityModel.swift */; };
		719D0D0B26358A9800FF321E /* CityCell.swift in Sources */ = {isa = PBXBuildFile; fileRef = 719D0D0A26358A9800FF321E /* CityCell.swift */; };
		719D0D0F26358FAF00FF321E /* NewsViewController.swift in Sources */ = {isa = PBXBuildFile; fileRef = 719D0D0E26358FAF00FF321E /* NewsViewController.swift */; };
		719D0D1226358FD700FF321E /* NewsModel.swift in Sources */ = {isa = PBXBuildFile; fileRef = 719D0D1126358FD700FF321E /* NewsModel.swift */; };
		719D0D19263592D400FF321E /* NewsCollectionViewCell.swift in Sources */ = {isa = PBXBuildFile; fileRef = 719D0D18263592D400FF321E /* NewsCollectionViewCell.swift */; };
/* End PBXBuildFile section */

/* Begin PBXFileReference section */
		719D0CE82635520700FF321E /* UIComponents.app */ = {isa = PBXFileReference; explicitFileType = wrapper.application; includeInIndex = 0; path = UIComponents.app; sourceTree = BUILT_PRODUCTS_DIR; };
		719D0CEB2635520700FF321E /* AppDelegate.swift */ = {isa = PBXFileReference; lastKnownFileType = sourcecode.swift; path = AppDelegate.swift; sourceTree = "<group>"; };
		719D0CED2635520700FF321E /* SceneDelegate.swift */ = {isa = PBXFileReference; lastKnownFileType = sourcecode.swift; path = SceneDelegate.swift; sourceTree = "<group>"; };
		719D0CEF2635520700FF321E /* ViewController.swift */ = {isa = PBXFileReference; lastKnownFileType = sourcecode.swift; path = ViewController.swift; sourceTree = "<group>"; };
		719D0CF22635520700FF321E /* Base */ = {isa = PBXFileReference; lastKnownFileType = file.storyboard; name = Base; path = Base.lproj/Main.storyboard; sourceTree = "<group>"; };
		719D0CF42635520900FF321E /* Assets.xcassets */ = {isa = PBXFileReference; lastKnownFileType = folder.assetcatalog; path = Assets.xcassets; sourceTree = "<group>"; };
		719D0CF72635520900FF321E /* Base */ = {isa = PBXFileReference; lastKnownFileType = file.storyboard; name = Base; path = Base.lproj/LaunchScreen.storyboard; sourceTree = "<group>"; };
		719D0CF92635520900FF321E /* Info.plist */ = {isa = PBXFileReference; lastKnownFileType = text.plist.xml; path = Info.plist; sourceTree = "<group>"; };
		719D0D0026357E7A00FF321E /* CitiesViewController.swift */ = {isa = PBXFileReference; lastKnownFileType = sourcecode.swift; path = CitiesViewController.swift; sourceTree = "<group>"; };
		719D0D052635846E00FF321E /* CityModel.swift */ = {isa = PBXFileReference; lastKnownFileType = sourcecode.swift; path = CityModel.swift; sourceTree = "<group>"; };
		719D0D0A26358A9800FF321E /* CityCell.swift */ = {isa = PBXFileReference; lastKnownFileType = sourcecode.swift; path = CityCell.swift; sourceTree = "<group>"; };
		719D0D0E26358FAF00FF321E /* NewsViewController.swift */ = {isa = PBXFileReference; lastKnownFileType = sourcecode.swift; path = NewsViewController.swift; sourceTree = "<group>"; };
		719D0D1126358FD700FF321E /* NewsModel.swift */ = {isa = PBXFileReference; lastKnownFileType = sourcecode.swift; path = NewsModel.swift; sourceTree = "<group>"; };
		719D0D18263592D400FF321E /* NewsCollectionViewCell.swift */ = {isa = PBXFileReference; lastKnownFileType = sourcecode.swift; path = NewsCollectionViewCell.swift; sourceTree = "<group>"; };
/* End PBXFileReference section */

/* Begin PBXFrameworksBuildPhase section */
		719D0CE52635520700FF321E /* Frameworks */ = {
			isa = PBXFrameworksBuildPhase;
			buildActionMask = 2147483647;
			files = (
			);
			runOnlyForDeploymentPostprocessing = 0;
		};
/* End PBXFrameworksBuildPhase section */

/* Begin PBXGroup section */
		719D0CDF2635520700FF321E = {
			isa = PBXGroup;
			children = (
				719D0CEA2635520700FF321E /* UIComponents */,
				719D0CE92635520700FF321E /* Products */,
			);
			sourceTree = "<group>";
		};
		719D0CE92635520700FF321E /* Products */ = {
			isa = PBXGroup;
			children = (
				719D0CE82635520700FF321E /* UIComponents.app */,
			);
			name = Products;
			sourceTree = "<group>";
		};
		719D0CEA2635520700FF321E /* UIComponents */ = {
			isa = PBXGroup;
			children = (
				719D0D152635903900FF321E /* Controller */,
				719D0D0926358A6E00FF321E /* Cell */,
				719D0D042635845900FF321E /* Model */,
				719D0CEB2635520700FF321E /* AppDelegate.swift */,
				719D0CED2635520700FF321E /* SceneDelegate.swift */,
				719D0CF12635520700FF321E /* Main.storyboard */,
				719D0CF42635520900FF321E /* Assets.xcassets */,
				719D0CF62635520900FF321E /* LaunchScreen.storyboard */,
				719D0CF92635520900FF321E /* Info.plist */,
			);
			path = UIComponents;
			sourceTree = "<group>";
		};
		719D0D042635845900FF321E /* Model */ = {
			isa = PBXGroup;
			children = (
				719D0D052635846E00FF321E /* CityModel.swift */,
				719D0D1126358FD700FF321E /* NewsModel.swift */,
			);
			path = Model;
			sourceTree = "<group>";
		};
		719D0D0926358A6E00FF321E /* Cell */ = {
			isa = PBXGroup;
			children = (
				719D0D0A26358A9800FF321E /* CityCell.swift */,
				719D0D18263592D400FF321E /* NewsCollectionViewCell.swift */,
			);
			path = Cell;
			sourceTree = "<group>";
		};
		719D0D152635903900FF321E /* Controller */ = {
			isa = PBXGroup;
			children = (
				719D0D0026357E7A00FF321E /* CitiesViewController.swift */,
				719D0D0E26358FAF00FF321E /* NewsViewController.swift */,
				719D0CEF2635520700FF321E /* ViewController.swift */,
			);
			path = Controller;
			sourceTree = "<group>";
		};
/* End PBXGroup section */

/* Begin PBXNativeTarget section */
		719D0CE72635520700FF321E /* UIComponents */ = {
			isa = PBXNativeTarget;
			buildConfigurationList = 719D0CFC2635520900FF321E /* Build configuration list for PBXNativeTarget "UIComponents" */;
			buildPhases = (
				719D0CE42635520700FF321E /* Sources */,
				719D0CE52635520700FF321E /* Frameworks */,
				719D0CE62635520700FF321E /* Resources */,
			);
			buildRules = (
			);
			dependencies = (
			);
			name = UIComponents;
			productName = UIComponents;
			productReference = 719D0CE82635520700FF321E /* UIComponents.app */;
			productType = "com.apple.product-type.application";
		};
/* End PBXNativeTarget section */

/* Begin PBXProject section */
		719D0CE02635520700FF321E /* Project object */ = {
			isa = PBXProject;
			attributes = {
				LastSwiftUpdateCheck = 1240;
				LastUpgradeCheck = 1240;
				TargetAttributes = {
					719D0CE72635520700FF321E = {
						CreatedOnToolsVersion = 12.4;
					};
				};
			};
			buildConfigurationList = 719D0CE32635520700FF321E /* Build configuration list for PBXProject "UIComponents" */;
			compatibilityVersion = "Xcode 9.3";
			developmentRegion = en;
			hasScannedForEncodings = 0;
			knownRegions = (
				en,
				Base,
			);
			mainGroup = 719D0CDF2635520700FF321E;
			productRefGroup = 719D0CE92635520700FF321E /* Products */;
			projectDirPath = "";
			projectRoot = "";
			targets = (
				719D0CE72635520700FF321E /* UIComponents */,
			);
		};
/* End PBXProject section */

/* Begin PBXResourcesBuildPhase section */
		719D0CE62635520700FF321E /* Resources */ = {
			isa = PBXResourcesBuildPhase;
			buildActionMask = 2147483647;
			files = (
				719D0CF82635520900FF321E /* LaunchScreen.storyboard in Resources */,
				719D0CF52635520900FF321E /* Assets.xcassets in Resources */,
				719D0CF32635520700FF321E /* Main.storyboard in Resources */,
			);
			runOnlyForDeploymentPostprocessing = 0;
		};
/* End PBXResourcesBuildPhase section */

/* Begin PBXSourcesBuildPhase section */
		719D0CE42635520700FF321E /* Sources */ = {
			isa = PBXSourcesBuildPhase;
			buildActionMask = 2147483647;
			files = (
				719D0D1226358FD700FF321E /* NewsModel.swift in Sources */,
				719D0D062635846E00FF321E /* CityModel.swift in Sources */,
				719D0CF02635520700FF321E /* ViewController.swift in Sources */,
				719D0D0B26358A9800FF321E /* CityCell.swift in Sources */,
				719D0D0126357E7A00FF321E /* CitiesViewController.swift in Sources */,
				719D0D0F26358FAF00FF321E /* NewsViewController.swift in Sources */,
				719D0CEC2635520700FF321E /* AppDelegate.swift in Sources */,
				719D0D19263592D400FF321E /* NewsCollectionViewCell.swift in Sources */,
				719D0CEE2635520700FF321E /* SceneDelegate.swift in Sources */,
			);
			runOnlyForDeploymentPostprocessing = 0;
		};
/* End PBXSourcesBuildPhase section */

/* Begin PBXVariantGroup section */
		719D0CF12635520700FF321E /* Main.storyboard */ = {
			isa = PBXVariantGroup;
			children = (
				719D0CF22635520700FF321E /* Base */,
			);
			name = Main.storyboard;
			sourceTree = "<group>";
		};
		719D0CF62635520900FF321E /* LaunchScreen.storyboard */ = {
			isa = PBXVariantGroup;
			children = (
				719D0CF72635520900FF321E /* Base */,
			);
			name = LaunchScreen.storyboard;
			sourceTree = "<group>";
		};
/* End PBXVariantGroup section */

/* Begin XCBuildConfiguration section */
		719D0CFA2635520900FF321E /* Debug */ = {
			isa = XCBuildConfiguration;
			buildSettings = {
				ALWAYS_SEARCH_USER_PATHS = NO;
				CLANG_ANALYZER_NONNULL = YES;
				CLANG_ANALYZER_NUMBER_OBJECT_CONVERSION = YES_AGGRESSIVE;
				CLANG_CXX_LANGUAGE_STANDARD = "gnu++14";
				CLANG_CXX_LIBRARY = "libc++";
				CLANG_ENABLE_MODULES = YES;
				CLANG_ENABLE_OBJC_ARC = YES;
				CLANG_ENABLE_OBJC_WEAK = YES;
				CLANG_WARN_BLOCK_CAPTURE_AUTORELEASING = YES;
				CLANG_WARN_BOOL_CONVERSION = YES;
				CLANG_WARN_COMMA = YES;
				CLANG_WARN_CONSTANT_CONVERSION = YES;
				CLANG_WARN_DEPRECATED_OBJC_IMPLEMENTATIONS = YES;
				CLANG_WARN_DIRECT_OBJC_ISA_USAGE = YES_ERROR;
				CLANG_WARN_DOCUMENTATION_COMMENTS = YES;
				CLANG_WARN_EMPTY_BODY = YES;
				CLANG_WARN_ENUM_CONVERSION = YES;
				CLANG_WARN_INFINITE_RECURSION = YES;
				CLANG_WARN_INT_CONVERSION = YES;
				CLANG_WARN_NON_LITERAL_NULL_CONVERSION = YES;
				CLANG_WARN_OBJC_IMPLICIT_RETAIN_SELF = YES;
				CLANG_WARN_OBJC_LITERAL_CONVERSION = YES;
				CLANG_WARN_OBJC_ROOT_CLASS = YES_ERROR;
				CLANG_WARN_QUOTED_INCLUDE_IN_FRAMEWORK_HEADER = YES;
				CLANG_WARN_RANGE_LOOP_ANALYSIS = YES;
				CLANG_WARN_STRICT_PROTOTYPES = YES;
				CLANG_WARN_SUSPICIOUS_MOVE = YES;
				CLANG_WARN_UNGUARDED_AVAILABILITY = YES_AGGRESSIVE;
				CLANG_WARN_UNREACHABLE_CODE = YES;
				CLANG_WARN__DUPLICATE_METHOD_MATCH = YES;
				COPY_PHASE_STRIP = NO;
				DEBUG_INFORMATION_FORMAT = dwarf;
				ENABLE_STRICT_OBJC_MSGSEND = YES;
				ENABLE_TESTABILITY = YES;
				GCC_C_LANGUAGE_STANDARD = gnu11;
				GCC_DYNAMIC_NO_PIC = NO;
				GCC_NO_COMMON_BLOCKS = YES;
				GCC_OPTIMIZATION_LEVEL = 0;
				GCC_PREPROCESSOR_DEFINITIONS = (
					"DEBUG=1",
					"$(inherited)",
				);
				GCC_WARN_64_TO_32_BIT_CONVERSION = YES;
				GCC_WARN_ABOUT_RETURN_TYPE = YES_ERROR;
				GCC_WARN_UNDECLARED_SELECTOR = YES;
				GCC_WARN_UNINITIALIZED_AUTOS = YES_AGGRESSIVE;
				GCC_WARN_UNUSED_FUNCTION = YES;
				GCC_WARN_UNUSED_VARIABLE = YES;
				IPHONEOS_DEPLOYMENT_TARGET = 14.4;
				MTL_ENABLE_DEBUG_INFO = INCLUDE_SOURCE;
				MTL_FAST_MATH = YES;
				ONLY_ACTIVE_ARCH = YES;
				SDKROOT = iphoneos;
				SWIFT_ACTIVE_COMPILATION_CONDITIONS = DEBUG;
				SWIFT_OPTIMIZATION_LEVEL = "-Onone";
			};
			name = Debug;
		};
		719D0CFB2635520900FF321E /* Release */ = {
			isa = XCBuildConfiguration;
			buildSettings = {
				ALWAYS_SEARCH_USER_PATHS = NO;
				CLANG_ANALYZER_NONNULL = YES;
				CLANG_ANALYZER_NUMBER_OBJECT_CONVERSION = YES_AGGRESSIVE;
				CLANG_CXX_LANGUAGE_STANDARD = "gnu++14";
				CLANG_CXX_LIBRARY = "libc++";
				CLANG_ENABLE_MODULES = YES;
				CLANG_ENABLE_OBJC_ARC = YES;
				CLANG_ENABLE_OBJC_WEAK = YES;
				CLANG_WARN_BLOCK_CAPTURE_AUTORELEASING = YES;
				CLANG_WARN_BOOL_CONVERSION = YES;
				CLANG_WARN_COMMA = YES;
				CLANG_WARN_CONSTANT_CONVERSION = YES;
				CLANG_WARN_DEPRECATED_OBJC_IMPLEMENTATIONS = YES;
				CLANG_WARN_DIRECT_OBJC_ISA_USAGE = YES_ERROR;
				CLANG_WARN_DOCUMENTATION_COMMENTS = YES;
				CLANG_WARN_EMPTY_BODY = YES;
				CLANG_WARN_ENUM_CONVERSION = YES;
				CLANG_WARN_INFINITE_RECURSION = YES;
				CLANG_WARN_INT_CONVERSION = YES;
				CLANG_WARN_NON_LITERAL_NULL_CONVERSION = YES;
				CLANG_WARN_OBJC_IMPLICIT_RETAIN_SELF = YES;
				CLANG_WARN_OBJC_LITERAL_CONVERSION = YES;
				CLANG_WARN_OBJC_ROOT_CLASS = YES_ERROR;
				CLANG_WARN_QUOTED_INCLUDE_IN_FRAMEWORK_HEADER = YES;
				CLANG_WARN_RANGE_LOOP_ANALYSIS = YES;
				CLANG_WARN_STRICT_PROTOTYPES = YES;
				CLANG_WARN_SUSPICIOUS_MOVE = YES;
				CLANG_WARN_UNGUARDED_AVAILABILITY = YES_AGGRESSIVE;
				CLANG_WARN_UNREACHABLE_CODE = YES;
				CLANG_WARN__DUPLICATE_METHOD_MATCH = YES;
				COPY_PHASE_STRIP = NO;
				DEBUG_INFORMATION_FORMAT = "dwarf-with-dsym";
				ENABLE_NS_ASSERTIONS = NO;
				ENABLE_STRICT_OBJC_MSGSEND = YES;
				GCC_C_LANGUAGE_STANDARD = gnu11;
				GCC_NO_COMMON_BLOCKS = YES;
				GCC_WARN_64_TO_32_BIT_CONVERSION = YES;
				GCC_WARN_ABOUT_RETURN_TYPE = YES_ERROR;
				GCC_WARN_UNDECLARED_SELECTOR = YES;
				GCC_WARN_UNINITIALIZED_AUTOS = YES_AGGRESSIVE;
				GCC_WARN_UNUSED_FUNCTION = YES;
				GCC_WARN_UNUSED_VARIABLE = YES;
				IPHONEOS_DEPLOYMENT_TARGET = 14.4;
				MTL_ENABLE_DEBUG_INFO = NO;
				MTL_FAST_MATH = YES;
				SDKROOT = iphoneos;
				SWIFT_COMPILATION_MODE = wholemodule;
				SWIFT_OPTIMIZATION_LEVEL = "-O";
				VALIDATE_PRODUCT = YES;
			};
			name = Release;
		};
		719D0CFD2635520900FF321E /* Debug */ = {
			isa = XCBuildConfiguration;
			buildSettings = {
				ASSETCATALOG_COMPILER_APPICON_NAME = AppIcon;
				ASSETCATALOG_COMPILER_GLOBAL_ACCENT_COLOR_NAME = AccentColor;
				CODE_SIGN_STYLE = Automatic;
				DEVELOPMENT_TEAM = M2ZVLTD873;
				INFOPLIST_FILE = UIComponents/Info.plist;
				LD_RUNPATH_SEARCH_PATHS = (
					"$(inherited)",
					"@executable_path/Frameworks",
				);
				PRODUCT_BUNDLE_IDENTIFIER = com.kerimcaglar.UIComponents;
				PRODUCT_NAME = "$(TARGET_NAME)";
				SWIFT_VERSION = 5.0;
				TARGETED_DEVICE_FAMILY = "1,2";
			};
			name = Debug;
		};
		719D0CFE2635520900FF321E /* Release */ = {
			isa = XCBuildConfiguration;
			buildSettings = {
				ASSETCATALOG_COMPILER_APPICON_NAME = AppIcon;
				ASSETCATALOG_COMPILER_GLOBAL_ACCENT_COLOR_NAME = AccentColor;
				CODE_SIGN_STYLE = Automatic;
				DEVELOPMENT_TEAM = M2ZVLTD873;
				INFOPLIST_FILE = UIComponents/Info.plist;
				LD_RUNPATH_SEARCH_PATHS = (
					"$(inherited)",
					"@executable_path/Frameworks",
				);
				PRODUCT_BUNDLE_IDENTIFIER = com.kerimcaglar.UIComponents;
				PRODUCT_NAME = "$(TARGET_NAME)";
				SWIFT_VERSION = 5.0;
				TARGETED_DEVICE_FAMILY = "1,2";
			};
			name = Release;
		};
/* End XCBuildConfiguration section */

/* Begin XCConfigurationList section */
		719D0CE32635520700FF321E /* Build configuration list for PBXProject "UIComponents" */ = {
			isa = XCConfigurationList;
			buildConfigurations = (
				719D0CFA2635520900FF321E /* Debug */,
				719D0CFB2635520900FF321E /* Release */,
			);
			defaultConfigurationIsVisible = 0;
			defaultConfigurationName = Release;
		};
		719D0CFC2635520900FF321E /* Build configuration list for PBXNativeTarget "UIComponents" */ = {
			isa = XCConfigurationList;
			buildConfigurations = (
				719D0CFD2635520900FF321E /* Debug */,
				719D0CFE2635520900FF321E /* Release */,
			);
			defaultConfigurationIsVisible = 0;
			defaultConfigurationName = Release;
		};
/* End XCConfigurationList section */
	};
	rootObject = 719D0CE02635520700FF321E /* Project object */;
}
